
Microsoft Visual Studio Solution File, Format Version 12.00
# Visual Studio Version 16
VisualStudioVersion = 16.0.32413.511
MinimumVisualStudioVersion = 10.0.40219.1
Project("{8BC9CEB8-8B4A-11D0-8D11-00A0C91BC942}") = "os", "os.vcxproj", "{DA6557F4-63E9-4987-A62C-190163165923}"
EndProject
Project("{FAE04EC0-301F-11D3-BF4B-00C04F79EFBC}") = "oso", "..\oso\oso.csproj", "{60549483-EB81-4407-81F2-1005F7BB1AF6}"
EndProject
Global
	GlobalSection(SolutionConfigurationPlatforms) = preSolution
		Debug|Any CPU = Debug|Any CPU
		Debug|ARM = Debug|ARM
		Debug|ARM64 = Debug|ARM64
		Debug|x64 = Debug|x64
		Debug|x86 = Debug|x86
		Release|Any CPU = Release|Any CPU
		Release|ARM = Release|ARM
		Release|ARM64 = Release|ARM64
		Release|x64 = Release|x64
		Release|x86 = Release|x86
	EndGlobalSection
	GlobalSection(ProjectConfigurationPlatforms) = postSolution
		{DA6557F4-63E9-4987-A62C-190163165923}.Debug|Any CPU.ActiveCfg = Debug|x86
		{DA6557F4-63E9-4987-A62C-190163165923}.Debug|ARM.ActiveCfg = Debug|ARM
		{DA6557F4-63E9-4987-A62C-190163165923}.Debug|ARM.Build.0 = Debug|ARM
		{DA6557F4-63E9-4987-A62C-190163165923}.Debug|ARM.Deploy.0 = Debug|ARM
		{DA6557F4-63E9-4987-A62C-190163165923}.Debug|ARM64.ActiveCfg = Debug|ARM64
		{DA6557F4-63E9-4987-A62C-190163165923}.Debug|ARM64.Build.0 = Debug|ARM64
		{DA6557F4-63E9-4987-A62C-190163165923}.Debug|ARM64.Deploy.0 = Debug|ARM64
		{DA6557F4-63E9-4987-A62C-190163165923}.Debug|x64.ActiveCfg = Debug|x64
		{DA6557F4-63E9-4987-A62C-190163165923}.Debug|x64.Build.0 = Debug|x64
		{DA6557F4-63E9-4987-A62C-190163165923}.Debug|x64.Deploy.0 = Debug|x64
		{DA6557F4-63E9-4987-A62C-190163165923}.Debug|x86.ActiveCfg = Debug|x86
		{DA6557F4-63E9-4987-A62C-190163165923}.Debug|x86.Build.0 = Debug|x86
		{DA6557F4-63E9-4987-A62C-190163165923}.Debug|x86.Deploy.0 = Debug|x86
		{DA6557F4-63E9-4987-A62C-190163165923}.Release|Any CPU.ActiveCfg = Release|x86
		{DA6557F4-63E9-4987-A62C-190163165923}.Release|ARM.ActiveCfg = Release|ARM
		{DA6557F4-63E9-4987-A62C-190163165923}.Release|ARM.Build.0 = Release|ARM
		{DA6557F4-63E9-4987-A62C-190163165923}.Release|ARM.Deploy.0 = Release|ARM
		{DA6557F4-63E9-4987-A62C-190163165923}.Release|ARM64.ActiveCfg = Release|ARM64
		{DA6557F4-63E9-4987-A62C-190163165923}.Release|ARM64.Build.0 = Release|ARM64
		{DA6557F4-63E9-4987-A62C-190163165923}.Release|ARM64.Deploy.0 = Release|ARM64
		{DA6557F4-63E9-4987-A62C-190163165923}.Release|x64.ActiveCfg = Release|x64
		{DA6557F4-63E9-4987-A62C-190163165923}.Release|x64.Build.0 = Release|x64
		{DA6557F4-63E9-4987-A62C-190163165923}.Release|x64.Deploy.0 = Release|x64
		{DA6557F4-63E9-4987-A62C-190163165923}.Release|x86.ActiveCfg = Release|x86
		{DA6557F4-63E9-4987-A62C-190163165923}.Release|x86.Build.0 = Release|x86
		{DA6557F4-63E9-4987-A62C-190163165923}.Release|x86.Deploy.0 = Release|x86
		{60549483-EB81-4407-81F2-1005F7BB1AF6}.Debug|Any CPU.ActiveCfg = Debug|Any CPU
		{60549483-EB81-4407-81F2-1005F7BB1AF6}.Debug|Any CPU.Build.0 = Debug|Any CPU
		{60549483-EB81-4407-81F2-1005F7BB1AF6}.Debug|ARM.ActiveCfg = Debug|Any CPU
		{60549483-EB81-4407-81F2-1005F7BB1AF6}.Debug|ARM.Build.0 = Debug|Any CPU
		{60549483-EB81-4407-81F2-1005F7BB1AF6}.Debug|ARM64.ActiveCfg = Debug|Any CPU
		{60549483-EB81-4407-81F2-1005F7BB1AF6}.Debug|ARM64.Build.0 = Debug|Any CPU
		{60549483-EB81-4407-81F2-1005F7BB1AF6}.Debug|x64.ActiveCfg = Debug|Any CPU
		{60549483-EB81-4407-81F2-1005F7BB1AF6}.Debug|x64.Build.0 = Debug|Any CPU
		{60549483-EB81-4407-81F2-1005F7BB1AF6}.Debug|x86.ActiveCfg = Debug|Any CPU
		{60549483-EB81-4407-81F2-1005F7BB1AF6}.Debug|x86.Build.0 = Debug|Any CPU
		{60549483-EB81-4407-81F2-1005F7BB1AF6}.Release|Any CPU.ActiveCfg = Release|Any CPU
		{60549483-EB81-4407-81F2-1005F7BB1AF6}.Release|Any CPU.Build.0 = Release|Any CPU
		{60549483-EB81-4407-81F2-1005F7BB1AF6}.Release|ARM.ActiveCfg = Release|Any CPU
		{60549483-EB81-4407-81F2-1005F7BB1AF6}.Release|ARM.Build.0 = Release|Any CPU
		{60549483-EB81-4407-81F2-1005F7BB1AF6}.Release|ARM64.ActiveCfg = Release|Any CPU
		{60549483-EB81-4407-81F2-1005F7BB1AF6}.Release|ARM64.Build.0 = Release|Any CPU
		{60549483-EB81-4407-81F2-1005F7BB1AF6}.Release|x64.ActiveCfg = Release|Any CPU
		{60549483-EB81-4407-81F2-1005F7BB1AF6}.Release|x64.Build.0 = Release|Any CPU
		{60549483-EB81-4407-81F2-1005F7BB1AF6}.Release|x86.ActiveCfg = Release|Any CPU
		{60549483-EB81-4407-81F2-1005F7BB1AF6}.Release|x86.Build.0 = Release|Any CPU
	EndGlobalSection
	GlobalSection(SolutionProperties) = preSolution
		HideSolutionNode = FALSE
	EndGlobalSection
	GlobalSection(ExtensibilityGlobals) = postSolution
		SolutionGuid = {74E8CE98-282F-4A37-BB49-01170D42C181}
	EndGlobalSection
EndGlobal
